
Microsoft Visual Studio Solution File, Format Version 12.00
# Visual Studio Version 16
VisualStudioVersion = 16.0.29728.190
MinimumVisualStudioVersion = 10.0.40219.1
Project("{8BC9CEB8-8B4A-11D0-8D11-00A0C91BC942}") = "Aerofoil", "Aerofoil.vcxproj", "{77B4C8DD-5FBE-44B6-BEA1-EDF0849693E5}"
EndProject
Project("{8BC9CEB8-8B4A-11D0-8D11-00A0C91BC942}") = "Cutter", "Cutter\Cutter.vcxproj", "{42E3B4FC-2BD0-468F-AB3C-3082B9D28872}"
	ProjectSection(ProjectDependencies) = postProject
		{058DEE9A-621B-4A0F-A6A2-969266910689} = {058DEE9A-621B-4A0F-A6A2-969266910689}
	EndProjectSection
EndProject
Project("{8BC9CEB8-8B4A-11D0-8D11-00A0C91BC942}") = "Kernel", "Kernel\Kernel.vcxproj", "{058DEE9A-621B-4A0F-A6A2-969266910689}"
EndProject
Global
	GlobalSection(SolutionConfigurationPlatforms) = preSolution
		Debug|x64 = Debug|x64
		Debug|x86 = Debug|x86
		Release|x64 = Release|x64
		Release|x86 = Release|x86
		Template|x64 = Template|x64
		Template|x86 = Template|x86
	EndGlobalSection
	GlobalSection(ProjectConfigurationPlatforms) = postSolution
		{77B4C8DD-5FBE-44B6-BEA1-EDF0849693E5}.Debug|x64.ActiveCfg = Debug|x64
		{77B4C8DD-5FBE-44B6-BEA1-EDF0849693E5}.Debug|x64.Build.0 = Debug|x64
		{77B4C8DD-5FBE-44B6-BEA1-EDF0849693E5}.Debug|x86.ActiveCfg = Debug|Win32
		{77B4C8DD-5FBE-44B6-BEA1-EDF0849693E5}.Debug|x86.Build.0 = Debug|Win32
		{77B4C8DD-5FBE-44B6-BEA1-EDF0849693E5}.Release|x64.ActiveCfg = Release|x64
		{77B4C8DD-5FBE-44B6-BEA1-EDF0849693E5}.Release|x64.Build.0 = Release|x64
		{77B4C8DD-5FBE-44B6-BEA1-EDF0849693E5}.Release|x86.ActiveCfg = Release|Win32
		{77B4C8DD-5FBE-44B6-BEA1-EDF0849693E5}.Release|x86.Build.0 = Release|Win32
		{77B4C8DD-5FBE-44B6-BEA1-EDF0849693E5}.Template|x64.ActiveCfg = Release|x64
		{77B4C8DD-5FBE-44B6-BEA1-EDF0849693E5}.Template|x64.Build.0 = Release|x64
		{77B4C8DD-5FBE-44B6-BEA1-EDF0849693E5}.Template|x86.ActiveCfg = Release|Win32
		{77B4C8DD-5FBE-44B6-BEA1-EDF0849693E5}.Template|x86.Build.0 = Release|Win32
		{42E3B4FC-2BD0-468F-AB3C-3082B9D28872}.Debug|x64.ActiveCfg = Debug|x64
		{42E3B4FC-2BD0-468F-AB3C-3082B9D28872}.Debug|x64.Build.0 = Debug|x64
		{42E3B4FC-2BD0-468F-AB3C-3082B9D28872}.Debug|x86.ActiveCfg = Debug|Win32
		{42E3B4FC-2BD0-468F-AB3C-3082B9D28872}.Debug|x86.Build.0 = Debug|Win32
		{42E3B4FC-2BD0-468F-AB3C-3082B9D28872}.Release|x64.ActiveCfg = Release|x64
		{42E3B4FC-2BD0-468F-AB3C-3082B9D28872}.Release|x64.Build.0 = Release|x64
		{42E3B4FC-2BD0-468F-AB3C-3082B9D28872}.Release|x86.ActiveCfg = Release|Win32
		{42E3B4FC-2BD0-468F-AB3C-3082B9D28872}.Release|x86.Build.0 = Release|Win32
		{42E3B4FC-2BD0-468F-AB3C-3082B9D28872}.Template|x64.ActiveCfg = Template|x64
		{42E3B4FC-2BD0-468F-AB3C-3082B9D28872}.Template|x64.Build.0 = Template|x64
		{42E3B4FC-2BD0-468F-AB3C-3082B9D28872}.Template|x86.ActiveCfg = Template|Win32
		{42E3B4FC-2BD0-468F-AB3C-3082B9D28872}.Template|x86.Build.0 = Template|Win32
		{058DEE9A-621B-4A0F-A6A2-969266910689}.Debug|x64.ActiveCfg = Debug|x64
		{058DEE9A-621B-4A0F-A6A2-969266910689}.Debug|x64.Build.0 = Debug|x64
		{058DEE9A-621B-4A0F-A6A2-969266910689}.Debug|x86.ActiveCfg = Debug|Win32
		{058DEE9A-621B-4A0F-A6A2-969266910689}.Debug|x86.Build.0 = Debug|Win32
		{058DEE9A-621B-4A0F-A6A2-969266910689}.Release|x64.ActiveCfg = Release|x64
		{058DEE9A-621B-4A0F-A6A2-969266910689}.Release|x64.Build.0 = Release|x64
		{058DEE9A-621B-4A0F-A6A2-969266910689}.Release|x86.ActiveCfg = Release|Win32
		{058DEE9A-621B-4A0F-A6A2-969266910689}.Release|x86.Build.0 = Release|Win32
		{058DEE9A-621B-4A0F-A6A2-969266910689}.Template|x64.ActiveCfg = Template|x64
		{058DEE9A-621B-4A0F-A6A2-969266910689}.Template|x64.Build.0 = Template|x64
		{058DEE9A-621B-4A0F-A6A2-969266910689}.Template|x86.ActiveCfg = Template|Win32
		{058DEE9A-621B-4A0F-A6A2-969266910689}.Template|x86.Build.0 = Template|Win32
	EndGlobalSection
	GlobalSection(SolutionProperties) = preSolution
		HideSolutionNode = FALSE
	EndGlobalSection
	GlobalSection(ExtensibilityGlobals) = postSolution
		SolutionGuid = {4CD96604-B3DF-4B66-9041-C9539DDF0CB1}
	EndGlobalSection
EndGlobal
