<?xml version="1.0" encoding="utf-8"?>
<Project ToolsVersion="4.0" xmlns="http://schemas.microsoft.com/developer/msbuild/2003">
  <ItemGroup>
    <Filter Include="Source Files">
      <UniqueIdentifier>{111b3e89-5cfd-4745-9b2e-bc86c10a8694}</UniqueIdentifier>
      <Extensions>cpp;c;cxx;rc;def;r;odl;idl;hpj;bat</Extensions>
    </Filter>
    <Filter Include="Header Files">
      <UniqueIdentifier>{353df669-74b5-43db-b463-f3f0cbb482d7}</UniqueIdentifier>
      <Extensions>h;hpp;hxx;hm;inl</Extensions>
    </Filter>
    <Filter Include="Resource Files">
      <UniqueIdentifier>{7fad31e0-abb6-4667-83d2-afe02f379474}</UniqueIdentifier>
      <Extensions>ico;cur;bmp;dlg;rc2;rct;bin;rgs;gif;jpg;jpeg;jpe</Extensions>
    </Filter>
  </ItemGroup>
  <ItemGroup>
    <ClCompile Include="Aerofoil.cpp">
      <Filter>Source Files</Filter>
    </ClCompile>
    <ClCompile Include="AerofoilDoc.cpp">
      <Filter>Source Files</Filter>
    </ClCompile>
    <ClCompile Include="AerofoilView.cpp">
      <Filter>Source Files</Filter>
    </ClCompile>
    <ClCompile Include="BackgroundGrid.cpp">
      <Filter>Source Files</Filter>
    </ClCompile>
    <ClCompile Include="BackgroundGridDlg.cpp">
      <Filter>Source Files</Filter>
    </ClCompile>
    <ClCompile Include="ChildFrm.cpp">
      <Filter>Source Files</Filter>
    </ClCompile>
    <ClCompile Include="CNCConnectionDlg.cpp">
      <Filter>Source Files</Filter>
    </ClCompile>
    <ClCompile Include="CoordMap.cpp">
      <Filter>Source Files</Filter>
    </ClCompile>
    <ClCompile Include="CutterSimulationOutputDevice.cpp">
      <Filter>Source Files</Filter>
    </ClCompile>
    <ClCompile Include="EllipseFlagsDlg.cpp">
      <Filter>Source Files</Filter>
    </ClCompile>
    <ClCompile Include="EllipsePairDlg.cpp">
      <Filter>Source Files</Filter>
    </ClCompile>
    <ClCompile Include="EllipseUIProxy.cpp">
      <Filter>Source Files</Filter>
    </ClCompile>
    <ClCompile Include="MainFrm.cpp">
      <Filter>Source Files</Filter>
    </ClCompile>
    <ClCompile Include="PaperSizeDlg.cpp">
      <Filter>Source Files</Filter>
    </ClCompile>
    <ClCompile Include="PlotFlagsDlg.cpp">
      <Filter>Source Files</Filter>
    </ClCompile>
    <ClCompile Include="PlotOrderDlg.cpp">
      <Filter>Source Files</Filter>
    </ClCompile>
    <ClCompile Include="PlotPointDlg.cpp">
      <Filter>Source Files</Filter>
    </ClCompile>
    <ClCompile Include="PlotPointUIProxy.cpp">
      <Filter>Source Files</Filter>
    </ClCompile>
    <ClCompile Include="SectionDlg.cpp">
      <Filter>Source Files</Filter>
    </ClCompile>
    <ClCompile Include="SectionPositionDlg.cpp">
      <Filter>Source Files</Filter>
    </ClCompile>
    <ClCompile Include="SelectStructureDlg.cpp">
      <Filter>Source Files</Filter>
    </ClCompile>
    <ClCompile Include="SparDlg.cpp">
      <Filter>Source Files</Filter>
    </ClCompile>
    <ClCompile Include="Splash.cpp">
      <Filter>Source Files</Filter>
    </ClCompile>
    <ClCompile Include="StdAfx.cpp">
      <Filter>Source Files</Filter>
    </ClCompile>
    <ClCompile Include="VersionInfo.CPP">
      <Filter>Source Files</Filter>
    </ClCompile>
    <ClCompile Include="WindowsOutputDevice.cpp">
      <Filter>Source Files</Filter>
    </ClCompile>
    <ClCompile Include="WindowsUIProxy.cpp">
      <Filter>Source Files</Filter>
    </ClCompile>
    <ClCompile Include="WingDlg.cpp">
      <Filter>Source Files</Filter>
    </ClCompile>
    <ClCompile Include="WingFlagsDlg.cpp">
      <Filter>Source Files</Filter>
    </ClCompile>
    <ClCompile Include="WingUIProxy.cpp">
      <Filter>Source Files</Filter>
    </ClCompile>
    <ClCompile Include="ZoomDlg.cpp">
      <Filter>Source Files</Filter>
    </ClCompile>
    <ClCompile Include="CutterView.cpp">
      <Filter>Source Files</Filter>
    </ClCompile>
    <ClCompile Include="CutterTreeView.cpp">
      <Filter>Source Files</Filter>
    </ClCompile>
    <ClCompile Include="CutterFrame.cpp">
      <Filter>Source Files</Filter>
    </ClCompile>
    <ClCompile Include="CutterDoc.cpp">
      <Filter>Source Files</Filter>
    </ClCompile>
    <ClCompile Include="TransformDialog.cpp">
      <Filter>Source Files</Filter>
    </ClCompile>
    <ClCompile Include="GCodeEditDialog.cpp">
      <Filter>Source Files</Filter>
    </ClCompile>
    <ClCompile Include="WingCoreFlagsDlg.cpp">
      <Filter>Source Files</Filter>
    </ClCompile>
    <ClCompile Include="CutterPreviewWindow.cpp">
      <Filter>Source Files</Filter>
    </ClCompile>
    <ClCompile Include="ToolOffsetDialog.cpp">
      <Filter>Source Files</Filter>
    </ClCompile>
    <ClCompile Include="FeedRateDialog.cpp">
      <Filter>Source Files</Filter>
    </ClCompile>
    <ClCompile Include="CutoutDialog.cpp">
      <Filter>Source Files</Filter>
    </ClCompile>
  </ItemGroup>
  <ItemGroup>
    <ResourceCompile Include="Aerofoil.rc">
      <Filter>Source Files</Filter>
    </ResourceCompile>
  </ItemGroup>
  <ItemGroup>
    <ClInclude Include="Aerofoil.h">
      <Filter>Header Files</Filter>
    </ClInclude>
    <ClInclude Include="AerofoilDoc.h">
      <Filter>Header Files</Filter>
    </ClInclude>
    <ClInclude Include="AerofoilView.h">
      <Filter>Header Files</Filter>
    </ClInclude>
    <ClInclude Include="BackgroundGrid.hpp">
      <Filter>Header Files</Filter>
    </ClInclude>
    <ClInclude Include="BackgroundGridDlg.hpp">
      <Filter>Header Files</Filter>
    </ClInclude>
    <ClInclude Include="ChildFrm.h">
      <Filter>Header Files</Filter>
    </ClInclude>
    <ClInclude Include="CNCConnectionDlg.h">
      <Filter>Header Files</Filter>
    </ClInclude>
    <ClInclude Include="CoordMap.h">
      <Filter>Header Files</Filter>
    </ClInclude>
    <ClInclude Include="CutterSimulationOutputDevice.h">
      <Filter>Header Files</Filter>
    </ClInclude>
    <ClInclude Include="EllipseFlagsDlg.h">
      <Filter>Header Files</Filter>
    </ClInclude>
    <ClInclude Include="EllipsePairDlg.h">
      <Filter>Header Files</Filter>
    </ClInclude>
    <ClInclude Include="EllipseUIProxy.h">
      <Filter>Header Files</Filter>
    </ClInclude>
    <ClInclude Include="MainFrm.h">
      <Filter>Header Files</Filter>
    </ClInclude>
    <ClInclude Include="PaperSizeDlg.h">
      <Filter>Header Files</Filter>
    </ClInclude>
    <ClInclude Include="Kernel\ParametricCurve2D.h">
      <Filter>Header Files</Filter>
    </ClInclude>
    <ClInclude Include="PlotFlagsDlg.h">
      <Filter>Header Files</Filter>
    </ClInclude>
    <ClInclude Include="PlotOrderDlg.h">
      <Filter>Header Files</Filter>
    </ClInclude>
    <ClInclude Include="PlotPointDlg.h">
      <Filter>Header Files</Filter>
    </ClInclude>
    <ClInclude Include="PlotPointUIProxy.h">
      <Filter>Header Files</Filter>
    </ClInclude>
    <ClInclude Include="Resource.h">
      <Filter>Header Files</Filter>
    </ClInclude>
    <ClInclude Include="SectionDlg.h">
      <Filter>Header Files</Filter>
    </ClInclude>
    <ClInclude Include="SectionPositionDlg.h">
      <Filter>Header Files</Filter>
    </ClInclude>
    <ClInclude Include="SelectStructureDlg.h">
      <Filter>Header Files</Filter>
    </ClInclude>
    <ClInclude Include="SparDlg.h">
      <Filter>Header Files</Filter>
    </ClInclude>
    <ClInclude Include="Splash.h">
      <Filter>Header Files</Filter>
    </ClInclude>
    <ClInclude Include="StdAfx.h">
      <Filter>Header Files</Filter>
    </ClInclude>
    <ClInclude Include="VersionInfo.HPP">
      <Filter>Header Files</Filter>
    </ClInclude>
    <ClInclude Include="WindowsOutputDevice.h">
      <Filter>Header Files</Filter>
    </ClInclude>
    <ClInclude Include="WindowsUIProxy.h">
      <Filter>Header Files</Filter>
    </ClInclude>
    <ClInclude Include="WingDlg.h">
      <Filter>Header Files</Filter>
    </ClInclude>
    <ClInclude Include="WingFlagsDlg.h">
      <Filter>Header Files</Filter>
    </ClInclude>
    <ClInclude Include="WingUIProxy.h">
      <Filter>Header Files</Filter>
    </ClInclude>
    <ClInclude Include="ZoomDlg.h">
      <Filter>Header Files</Filter>
    </ClInclude>
    <ClInclude Include="CutterView.h">
      <Filter>Header Files</Filter>
    </ClInclude>
    <ClInclude Include="CutterTreeView.h">
      <Filter>Header Files</Filter>
    </ClInclude>
    <ClInclude Include="CutterFrame.h">
      <Filter>Header Files</Filter>
    </ClInclude>
    <ClInclude Include="CutterDoc.h">
      <Filter>Header Files</Filter>
    </ClInclude>
    <ClInclude Include="TransformDialog.h">
      <Filter>Header Files</Filter>
    </ClInclude>
    <ClInclude Include="GCodeEditDialog.h">
      <Filter>Header Files</Filter>
    </ClInclude>
    <ClInclude Include="WingCoreFlagsDlg.h">
      <Filter>Header Files</Filter>
    </ClInclude>
    <ClInclude Include="CutterPreviewWindow.h">
      <Filter>Header Files</Filter>
    </ClInclude>
    <ClInclude Include="ToolOffsetDialog.h">
      <Filter>Header Files</Filter>
    </ClInclude>
    <ClInclude Include="FeedRateDialog.h">
      <Filter>Header Files</Filter>
    </ClInclude>
    <ClInclude Include="CutoutDialog.h">
      <Filter>Header Files</Filter>
    </ClInclude>
  </ItemGroup>
  <ItemGroup>
    <Image Include="res\Aerofoil.ico">
      <Filter>Resource Files</Filter>
    </Image>
    <Image Include="res\AerofoilDoc.ico">
      <Filter>Resource Files</Filter>
    </Image>
    <Image Include="Splsh16.bmp">
      <Filter>Resource Files</Filter>
    </Image>
    <Image Include="res\Toolbar.bmp">
      <Filter>Resource Files</Filter>
    </Image>
  </ItemGroup>
  <ItemGroup>
    <Text Include="ReadMe.txt" />
  </ItemGroup>
  <ItemGroup>
    <CustomBuild Include="res\Aerofoil.rc2">
      <Filter>Resource Files</Filter>
    </CustomBuild>
  </ItemGroup>
</Project>