<?xml version="1.0" encoding="utf-8"?>
<Project ToolsVersion="4.0" xmlns="http://schemas.microsoft.com/developer/msbuild/2003">
  <ItemGroup>
    <Filter Include="Source Files">
      <UniqueIdentifier>{7cb3691d-459f-426c-864b-d18311562184}</UniqueIdentifier>
      <Extensions>cpp;c;cxx;rc;def;r;odl;idl;hpj;bat</Extensions>
    </Filter>
    <Filter Include="Header Files">
      <UniqueIdentifier>{d48e04dc-0be1-49c2-8f23-754ec8b24165}</UniqueIdentifier>
      <Extensions>h;hpp;hxx;hm;inl</Extensions>
    </Filter>
  </ItemGroup>
  <ItemGroup>
    <ClCompile Include="Aerofoil.cpp">
      <Filter>Source Files</Filter>
    </ClCompile>
    <ClCompile Include="Cutpath.cpp">
      <Filter>Source Files</Filter>
    </ClCompile>
    <ClCompile Include="Drivers\DXFOutputDevice.cpp">
      <Filter>Source Files</Filter>
    </ClCompile>
    <ClCompile Include="Ellipse.cpp">
      <Filter>Source Files</Filter>
    </ClCompile>
    <ClCompile Include="EllipseFlags.cpp">
      <Filter>Source Files</Filter>
    </ClCompile>
    <ClCompile Include="EllipsePair.cpp">
      <Filter>Source Files</Filter>
    </ClCompile>
    <ClCompile Include="EllipsePlotter.cpp">
      <Filter>Source Files</Filter>
    </ClCompile>
    <ClCompile Include="KernelError.cpp">
      <Filter>Source Files</Filter>
    </ClCompile>
    <ClCompile Include="Drivers\LASERJET.CPP">
      <Filter>Source Files</Filter>
    </ClCompile>
    <ClCompile Include="ObjectSerializer.cpp">
      <Filter>Source Files</Filter>
    </ClCompile>
    <ClCompile Include="OutputDevice.cpp">
      <Filter>Source Files</Filter>
    </ClCompile>
    <ClCompile Include="Plot.cpp">
      <Filter>Source Files</Filter>
    </ClCompile>
    <ClCompile Include="PlotCommonImpl.cpp">
      <Filter>Source Files</Filter>
    </ClCompile>
    <ClCompile Include="PlotFlags.cpp">
      <Filter>Source Files</Filter>
    </ClCompile>
    <ClCompile Include="Plotfoil.cpp">
      <Filter>Source Files</Filter>
    </ClCompile>
    <ClCompile Include="PlotStructure.cpp">
      <Filter>Source Files</Filter>
    </ClCompile>
    <ClCompile Include="PointPlotter.cpp">
      <Filter>Source Files</Filter>
    </ClCompile>
    <ClCompile Include="PointStructure.cpp">
      <Filter>Source Files</Filter>
    </ClCompile>
    <ClCompile Include="PointT.cpp">
      <Filter>Source Files</Filter>
    </ClCompile>
    <ClCompile Include="Drivers\Postscript.cpp">
      <Filter>Source Files</Filter>
    </ClCompile>
    <ClCompile Include="RectT.cpp">
      <Filter>Source Files</Filter>
    </ClCompile>
    <ClCompile Include="Spar.cpp">
      <Filter>Source Files</Filter>
    </ClCompile>
    <ClCompile Include="Spline.cpp">
      <Filter>Source Files</Filter>
    </ClCompile>
    <ClCompile Include="Structure.cpp">
      <Filter>Source Files</Filter>
    </ClCompile>
    <ClCompile Include="Transform.cpp">
      <Filter>Source Files</Filter>
    </ClCompile>
    <ClCompile Include="UIProxy.cpp">
      <Filter>Source Files</Filter>
    </ClCompile>
    <ClCompile Include="Wing.cpp">
      <Filter>Source Files</Filter>
    </ClCompile>
    <ClCompile Include="CNCConnectionOutputDevice.cpp">
      <Filter>Source Files</Filter>
    </ClCompile>
    <ClCompile Include="CNCSocket.cpp">
      <Filter>Source Files</Filter>
    </ClCompile>
    <ClCompile Include="GCodeOutputDevice.cpp">
      <Filter>Source Files</Filter>
    </ClCompile>
    <ClCompile Include="GCodeOutputFile.cpp">
      <Filter>Source Files</Filter>
    </ClCompile>
    <ClCompile Include="CutStructure.cpp">
      <Filter>Source Files</Filter>
    </ClCompile>
    <ClCompile Include="PointCutter.cpp">
      <Filter>Source Files</Filter>
    </ClCompile>
    <ClCompile Include="Cut.cpp">
      <Filter>Source Files</Filter>
    </ClCompile>
    <ClCompile Include="EllipseCutter.cpp">
      <Filter>Source Files</Filter>
    </ClCompile>
    <ClCompile Include="DXFObjectCutter.cpp">
      <Filter>Source Files</Filter>
    </ClCompile>
    <ClCompile Include="HomeCutter.cpp">
      <Filter>Source Files</Filter>
    </ClCompile>
    <ClCompile Include="GCodeSnippetCutter.cpp">
      <Filter>Source Files</Filter>
    </ClCompile>
    <ClCompile Include="GCodeSnippet.cpp">
      <Filter>Source Files</Filter>
    </ClCompile>
    <ClCompile Include="DXFObject.cpp">
      <Filter>Source Files</Filter>
    </ClCompile>
    <ClCompile Include="Bounds.cpp">
      <Filter>Source Files</Filter>
    </ClCompile>
    <ClCompile Include="DXFParser.cpp">
      <Filter>Source Files</Filter>
    </ClCompile>
    <ClCompile Include="GCodeInterpreter.cpp">
      <Filter>Source Files</Filter>
    </ClCompile>
    <ClCompile Include="GCodeProgram.cpp">
      <Filter>Source Files</Filter>
    </ClCompile>
    <ClCompile Include="DummyCutter.cpp">
      <Filter>Source Files</Filter>
    </ClCompile>
    <ClCompile Include="PlottingCutter.cpp">
      <Filter>Source Files</Filter>
    </ClCompile>
    <ClCompile Include="CutterGeometry.cpp">
      <Filter>Source Files</Filter>
    </ClCompile>
    <ClCompile Include="Steps.cpp">
      <Filter>Source Files</Filter>
    </ClCompile>
    <ClCompile Include="CutterSimulation.cpp">
      <Filter>Source Files</Filter>
    </ClCompile>
    <ClCompile Include="CutterSimulationOutputDevice.cpp">
      <Filter>Source Files</Filter>
    </ClCompile>
    <ClCompile Include="Cutout.cpp">
      <Filter>Source Files</Filter>
    </ClCompile>
    <ClCompile Include="DXFPlotter.cpp">
      <Filter>Source Files</Filter>
    </ClCompile>
    <ClCompile Include="StructureOutput.cpp">
      <Filter>Source Files</Filter>
    </ClCompile>
    <ClCompile Include="BlockCorrectionOutputDevice.cpp">
      <Filter>Source Files</Filter>
    </ClCompile>
    <ClCompile Include="GRBLOutputDevice.cpp">
      <Filter>Source Files</Filter>
    </ClCompile>
  </ItemGroup>
  <ItemGroup>
    <ClInclude Include="Aerofoil.h">
      <Filter>Header Files</Filter>
    </ClInclude>
    <ClInclude Include="Cutpath.h">
      <Filter>Header Files</Filter>
    </ClInclude>
    <ClInclude Include="Ellipse.h">
      <Filter>Header Files</Filter>
    </ClInclude>
    <ClInclude Include="EllipseFlags.h">
      <Filter>Header Files</Filter>
    </ClInclude>
    <ClInclude Include="EllipsePair.h">
      <Filter>Header Files</Filter>
    </ClInclude>
    <ClInclude Include="EllipsePlotter.h">
      <Filter>Header Files</Filter>
    </ClInclude>
    <ClInclude Include="KernelError.h">
      <Filter>Header Files</Filter>
    </ClInclude>
    <ClInclude Include="ObjectSerializer.h">
      <Filter>Header Files</Filter>
    </ClInclude>
    <ClInclude Include="OutputDevice.h">
      <Filter>Header Files</Filter>
    </ClInclude>
    <ClInclude Include="ParametricCurve2D.h">
      <Filter>Header Files</Filter>
    </ClInclude>
    <ClInclude Include="Plot.h">
      <Filter>Header Files</Filter>
    </ClInclude>
    <ClInclude Include="PlotCommonImpl.h">
      <Filter>Header Files</Filter>
    </ClInclude>
    <ClInclude Include="PlotFlags.h">
      <Filter>Header Files</Filter>
    </ClInclude>
    <ClInclude Include="Plotfoil.h">
      <Filter>Header Files</Filter>
    </ClInclude>
    <ClInclude Include="PlotStructure.h">
      <Filter>Header Files</Filter>
    </ClInclude>
    <ClInclude Include="PointPlotter.h">
      <Filter>Header Files</Filter>
    </ClInclude>
    <ClInclude Include="PointStructure.h">
      <Filter>Header Files</Filter>
    </ClInclude>
    <ClInclude Include="PointT.h">
      <Filter>Header Files</Filter>
    </ClInclude>
    <ClInclude Include="Drivers\Postscript.h">
      <Filter>Header Files</Filter>
    </ClInclude>
    <ClInclude Include="RectT.h">
      <Filter>Header Files</Filter>
    </ClInclude>
    <ClInclude Include="Spar.h">
      <Filter>Header Files</Filter>
    </ClInclude>
    <ClInclude Include="Spline.h">
      <Filter>Header Files</Filter>
    </ClInclude>
    <ClInclude Include="Structure.h">
      <Filter>Header Files</Filter>
    </ClInclude>
    <ClInclude Include="Transform.h">
      <Filter>Header Files</Filter>
    </ClInclude>
    <ClInclude Include="UIProxy.h">
      <Filter>Header Files</Filter>
    </ClInclude>
    <ClInclude Include="Wing.h">
      <Filter>Header Files</Filter>
    </ClInclude>
    <ClInclude Include="CNCConnectionOutputDevice.h">
      <Filter>Header Files</Filter>
    </ClInclude>
    <ClInclude Include="CNCSocket.h">
      <Filter>Header Files</Filter>
    </ClInclude>
    <ClInclude Include="GCodeOutputDevice.h">
      <Filter>Header Files</Filter>
    </ClInclude>
    <ClInclude Include="Drivers\DXFOutputDevice.h">
      <Filter>Header Files</Filter>
    </ClInclude>
    <ClInclude Include="Drivers\LASERJET.H">
      <Filter>Header Files</Filter>
    </ClInclude>
    <ClInclude Include="GCodeOutputFile.h">
      <Filter>Header Files</Filter>
    </ClInclude>
    <ClInclude Include="CutStructure.h">
      <Filter>Header Files</Filter>
    </ClInclude>
    <ClInclude Include="PointCutter.h">
      <Filter>Header Files</Filter>
    </ClInclude>
    <ClInclude Include="Cut.h">
      <Filter>Header Files</Filter>
    </ClInclude>
    <ClInclude Include="EllipseCutter.h">
      <Filter>Header Files</Filter>
    </ClInclude>
    <ClInclude Include="DXFObjectCutter.h">
      <Filter>Header Files</Filter>
    </ClInclude>
    <ClInclude Include="HomeCutter.h">
      <Filter>Header Files</Filter>
    </ClInclude>
    <ClInclude Include="GCodeSnippetCutter.h">
      <Filter>Header Files</Filter>
    </ClInclude>
    <ClInclude Include="GCodeSnippet.h">
      <Filter>Header Files</Filter>
    </ClInclude>
    <ClInclude Include="DXFObject.h">
      <Filter>Header Files</Filter>
    </ClInclude>
    <ClInclude Include="Bounds.h">
      <Filter>Header Files</Filter>
    </ClInclude>
    <ClInclude Include="DXFParser.h">
      <Filter>Header Files</Filter>
    </ClInclude>
    <ClInclude Include="trim.h">
      <Filter>Header Files</Filter>
    </ClInclude>
    <ClInclude Include="GCodeInterpreter.h">
      <Filter>Header Files</Filter>
    </ClInclude>
    <ClInclude Include="GCodeProgram.h">
      <Filter>Header Files</Filter>
    </ClInclude>
    <ClInclude Include="ParserContext.h">
      <Filter>Header Files</Filter>
    </ClInclude>
    <ClInclude Include="DummyCutter.h">
      <Filter>Header Files</Filter>
    </ClInclude>
    <ClInclude Include="Cutter.h">
      <Filter>Header Files</Filter>
    </ClInclude>
    <ClInclude Include="Position.h">
      <Filter>Header Files</Filter>
    </ClInclude>
    <ClInclude Include="PlottingCutter.h">
      <Filter>Header Files</Filter>
    </ClInclude>
    <ClInclude Include="CutterGeometry.h">
      <Filter>Header Files</Filter>
    </ClInclude>
    <ClInclude Include="Steps.h">
      <Filter>Header Files</Filter>
    </ClInclude>
    <ClInclude Include="CutterSimulation.h">
      <Filter>Header Files</Filter>
    </ClInclude>
    <ClInclude Include="CutterSimulationOutputDevice.h">
      <Filter>Header Files</Filter>
    </ClInclude>
    <ClInclude Include="Cutout.h">
      <Filter>Header Files</Filter>
    </ClInclude>
    <ClInclude Include="Kernel.h">
      <Filter>Header Files</Filter>
    </ClInclude>
    <ClInclude Include="DXFPlotter.h">
      <Filter>Header Files</Filter>
    </ClInclude>
    <ClInclude Include="StructureOutput.h">
      <Filter>Header Files</Filter>
    </ClInclude>
    <ClInclude Include="BlockCorrectionOutputDevice.h">
      <Filter>Header Files</Filter>
    </ClInclude>
    <ClInclude Include="GRBLOutputDevice.h">
      <Filter>Header Files</Filter>
    </ClInclude>
  </ItemGroup>
</Project>